// !$*UTF8*$!
{
	archiveVersion = 1;
	classes = {
	};
	objectVersion = 56;
	objects = {

/* Begin PBXBuildFile section */
		FD65BB3B2A751D1600D5D446 /* TimerRun.swift in Sources */ = {isa = PBXBuildFile; fileRef = FD65BB3A2A751D1600D5D446 /* TimerRun.swift */; };
		FDB1FB892A77905100FBC387 /* Sounds.swift in Sources */ = {isa = PBXBuildFile; fileRef = FDB1FB882A77905100FBC387 /* Sounds.swift */; };
		FDDEFFD82A6E963E00C62F2D /* NoconTrainingTimerApp.swift in Sources */ = {isa = PBXBuildFile; fileRef = FDDEFFD72A6E963E00C62F2D /* NoconTrainingTimerApp.swift */; };
		FDDEFFDA2A6E963E00C62F2D /* ContentView.swift in Sources */ = {isa = PBXBuildFile; fileRef = FDDEFFD92A6E963E00C62F2D /* ContentView.swift */; };
		FDDEFFDC2A6E964000C62F2D /* Assets.xcassets in Resources */ = {isa = PBXBuildFile; fileRef = FDDEFFDB2A6E964000C62F2D /* Assets.xcassets */; };
		FDDEFFDF2A6E964000C62F2D /* Preview Assets.xcassets in Resources */ = {isa = PBXBuildFile; fileRef = FDDEFFDE2A6E964000C62F2D /* Preview Assets.xcassets */; };
		FDDEFFEA2A6E976200C62F2D /* TimerView.swift in Sources */ = {isa = PBXBuildFile; fileRef = FDDEFFE92A6E976200C62F2D /* TimerView.swift */; };
		FDDEFFED2A6E97A300C62F2D /* Setting.swift in Sources */ = {isa = PBXBuildFile; fileRef = FDDEFFEC2A6E97A300C62F2D /* Setting.swift */; };
		FDDEFFEF2A6E994900C62F2D /* Data.swift in Sources */ = {isa = PBXBuildFile; fileRef = FDDEFFEE2A6E994900C62F2D /* Data.swift */; };
		FDDEFFF12A6EA2A500C62F2D /* ListView.swift in Sources */ = {isa = PBXBuildFile; fileRef = FDDEFFF02A6EA2A500C62F2D /* ListView.swift */; };
		FDDEFFF32A6EA3B600C62F2D /* SheetView.swift in Sources */ = {isa = PBXBuildFile; fileRef = FDDEFFF22A6EA3B600C62F2D /* SheetView.swift */; };
		FDDEFFF62A6EA41D00C62F2D /* Model.xcdatamodeld in Sources */ = {isa = PBXBuildFile; fileRef = FDDEFFF42A6EA41D00C62F2D /* Model.xcdatamodeld */; };
/* End PBXBuildFile section */

/* Begin PBXFileReference section */
		FD65BB3A2A751D1600D5D446 /* TimerRun.swift */ = {isa = PBXFileReference; lastKnownFileType = sourcecode.swift; path = TimerRun.swift; sourceTree = "<group>"; };
		FDB1FB882A77905100FBC387 /* Sounds.swift */ = {isa = PBXFileReference; fileEncoding = 4; lastKnownFileType = sourcecode.swift; name = Sounds.swift; path = "../../../../案件/HiraganaPractice/HiraganaPractice/Util/Sounds/Sounds.swift"; sourceTree = "<group>"; };
		FDDEFFD42A6E963E00C62F2D /* NoconTrainingTimer.app */ = {isa = PBXFileReference; explicitFileType = wrapper.application; includeInIndex = 0; path = NoconTrainingTimer.app; sourceTree = BUILT_PRODUCTS_DIR; };
		FDDEFFD72A6E963E00C62F2D /* NoconTrainingTimerApp.swift */ = {isa = PBXFileReference; lastKnownFileType = sourcecode.swift; path = NoconTrainingTimerApp.swift; sourceTree = "<group>"; };
		FDDEFFD92A6E963E00C62F2D /* ContentView.swift */ = {isa = PBXFileReference; lastKnownFileType = sourcecode.swift; path = ContentView.swift; sourceTree = "<group>"; };
		FDDEFFDB2A6E964000C62F2D /* Assets.xcassets */ = {isa = PBXFileReference; lastKnownFileType = folder.assetcatalog; path = Assets.xcassets; sourceTree = "<group>"; };
		FDDEFFDE2A6E964000C62F2D /* Preview Assets.xcassets */ = {isa = PBXFileReference; lastKnownFileType = folder.assetcatalog; path = "Preview Assets.xcassets"; sourceTree = "<group>"; };
		FDDEFFE72A6E96E700C62F2D /* Info.plist */ = {isa = PBXFileReference; lastKnownFileType = text.plist; path = Info.plist; sourceTree = "<group>"; };
		FDDEFFE92A6E976200C62F2D /* TimerView.swift */ = {isa = PBXFileReference; lastKnownFileType = sourcecode.swift; path = TimerView.swift; sourceTree = "<group>"; };
		FDDEFFEC2A6E97A300C62F2D /* Setting.swift */ = {isa = PBXFileReference; lastKnownFileType = sourcecode.swift; path = Setting.swift; sourceTree = "<group>"; };
		FDDEFFEE2A6E994900C62F2D /* Data.swift */ = {isa = PBXFileReference; lastKnownFileType = sourcecode.swift; path = Data.swift; sourceTree = "<group>"; };
		FDDEFFF02A6EA2A500C62F2D /* ListView.swift */ = {isa = PBXFileReference; lastKnownFileType = sourcecode.swift; path = ListView.swift; sourceTree = "<group>"; };
		FDDEFFF22A6EA3B600C62F2D /* SheetView.swift */ = {isa = PBXFileReference; lastKnownFileType = sourcecode.swift; path = SheetView.swift; sourceTree = "<group>"; };
		FDDEFFF52A6EA41D00C62F2D /* Model.xcdatamodel */ = {isa = PBXFileReference; lastKnownFileType = wrapper.xcdatamodel; path = Model.xcdatamodel; sourceTree = "<group>"; };
/* End PBXFileReference section */

/* Begin PBXFrameworksBuildPhase section */
		FDDEFFD12A6E963E00C62F2D /* Frameworks */ = {
			isa = PBXFrameworksBuildPhase;
			buildActionMask = 2147483647;
			files = (
			);
			runOnlyForDeploymentPostprocessing = 0;
		};
/* End PBXFrameworksBuildPhase section */

/* Begin PBXGroup section */
		FDDEFFCB2A6E963E00C62F2D = {
			isa = PBXGroup;
			children = (
				FDDEFFD62A6E963E00C62F2D /* NoconTrainingTimer */,
				FDDEFFD52A6E963E00C62F2D /* Products */,
			);
			sourceTree = "<group>";
		};
		FDDEFFD52A6E963E00C62F2D /* Products */ = {
			isa = PBXGroup;
			children = (
				FDDEFFD42A6E963E00C62F2D /* NoconTrainingTimer.app */,
			);
			name = Products;
			sourceTree = "<group>";
		};
		FDDEFFD62A6E963E00C62F2D /* NoconTrainingTimer */ = {
			isa = PBXGroup;
			children = (
				FDDEFFE72A6E96E700C62F2D /* Info.plist */,
				FDDEFFD72A6E963E00C62F2D /* NoconTrainingTimerApp.swift */,
				FDDEFFEB2A6E979500C62F2D /* Util */,
				FDDEFFE52A6E966300C62F2D /* Views */,
				FDDEFFE62A6E968900C62F2D /* Data */,
				FDDEFFDB2A6E964000C62F2D /* Assets.xcassets */,
				FDDEFFDD2A6E964000C62F2D /* Preview Content */,
			);
			path = NoconTrainingTimer;
			sourceTree = "<group>";
		};
		FDDEFFDD2A6E964000C62F2D /* Preview Content */ = {
			isa = PBXGroup;
			children = (
				FDDEFFDE2A6E964000C62F2D /* Preview Assets.xcassets */,
			);
			path = "Preview Content";
			sourceTree = "<group>";
		};
		FDDEFFE52A6E966300C62F2D /* Views */ = {
			isa = PBXGroup;
			children = (
				FDDEFFD92A6E963E00C62F2D /* ContentView.swift */,
				FDDEFFE82A6E974600C62F2D /* ChildViews */,
			);
			path = Views;
			sourceTree = "<group>";
		};
		FDDEFFE62A6E968900C62F2D /* Data */ = {
			isa = PBXGroup;
			children = (
				FDDEFFEE2A6E994900C62F2D /* Data.swift */,
				FDDEFFF42A6EA41D00C62F2D /* Model.xcdatamodeld */,
			);
			path = Data;
			sourceTree = "<group>";
		};
		FDDEFFE82A6E974600C62F2D /* ChildViews */ = {
			isa = PBXGroup;
			children = (
				FDDEFFE92A6E976200C62F2D /* TimerView.swift */,
				FDDEFFF02A6EA2A500C62F2D /* ListView.swift */,
				FDDEFFF22A6EA3B600C62F2D /* SheetView.swift */,
			);
			path = ChildViews;
			sourceTree = "<group>";
		};
		FDDEFFEB2A6E979500C62F2D /* Util */ = {
			isa = PBXGroup;
			children = (
				FDDEFFEC2A6E97A300C62F2D /* Setting.swift */,
				FDB1FB882A77905100FBC387 /* Sounds.swift */,
				FD65BB3A2A751D1600D5D446 /* TimerRun.swift */,
			);
			path = Util;
			sourceTree = "<group>";
		};
/* End PBXGroup section */

/* Begin PBXNativeTarget section */
		FDDEFFD32A6E963E00C62F2D /* NoconTrainingTimer */ = {
			isa = PBXNativeTarget;
			buildConfigurationList = FDDEFFE22A6E964000C62F2D /* Build configuration list for PBXNativeTarget "NoconTrainingTimer" */;
			buildPhases = (
				FDDEFFD02A6E963E00C62F2D /* Sources */,
				FDDEFFD12A6E963E00C62F2D /* Frameworks */,
				FDDEFFD22A6E963E00C62F2D /* Resources */,
			);
			buildRules = (
			);
			dependencies = (
			);
			name = NoconTrainingTimer;
			productName = NoconTrainingTimer;
			productReference = FDDEFFD42A6E963E00C62F2D /* NoconTrainingTimer.app */;
			productType = "com.apple.product-type.application";
		};
/* End PBXNativeTarget section */

/* Begin PBXProject section */
		FDDEFFCC2A6E963E00C62F2D /* Project object */ = {
			isa = PBXProject;
			attributes = {
				BuildIndependentTargetsInParallel = 1;
				LastSwiftUpdateCheck = 1430;
				LastUpgradeCheck = 1430;
				TargetAttributes = {
					FDDEFFD32A6E963E00C62F2D = {
						CreatedOnToolsVersion = 14.3.1;
					};
				};
			};
			buildConfigurationList = FDDEFFCF2A6E963E00C62F2D /* Build configuration list for PBXProject "NoconTrainingTimer" */;
			compatibilityVersion = "Xcode 14.0";
			developmentRegion = en;
			hasScannedForEncodings = 0;
			knownRegions = (
				en,
				Base,
			);
			mainGroup = FDDEFFCB2A6E963E00C62F2D;
			productRefGroup = FDDEFFD52A6E963E00C62F2D /* Products */;
			projectDirPath = "";
			projectRoot = "";
			targets = (
				FDDEFFD32A6E963E00C62F2D /* NoconTrainingTimer */,
			);
		};
/* End PBXProject section */

/* Begin PBXResourcesBuildPhase section */
		FDDEFFD22A6E963E00C62F2D /* Resources */ = {
			isa = PBXResourcesBuildPhase;
			buildActionMask = 2147483647;
			files = (
				FDDEFFDF2A6E964000C62F2D /* Preview Assets.xcassets in Resources */,
				FDDEFFDC2A6E964000C62F2D /* Assets.xcassets in Resources */,
			);
			runOnlyForDeploymentPostprocessing = 0;
		};
/* End PBXResourcesBuildPhase section */

/* Begin PBXSourcesBuildPhase section */
		FDDEFFD02A6E963E00C62F2D /* Sources */ = {
			isa = PBXSourcesBuildPhase;
			buildActionMask = 2147483647;
			files = (
				FDDEFFEA2A6E976200C62F2D /* TimerView.swift in Sources */,
				FD65BB3B2A751D1600D5D446 /* TimerRun.swift in Sources */,
				FDDEFFF32A6EA3B600C62F2D /* SheetView.swift in Sources */,
				FDDEFFEF2A6E994900C62F2D /* Data.swift in Sources */,
				FDDEFFF62A6EA41D00C62F2D /* Model.xcdatamodeld in Sources */,
				FDDEFFF12A6EA2A500C62F2D /* ListView.swift in Sources */,
				FDDEFFDA2A6E963E00C62F2D /* ContentView.swift in Sources */,
				FDB1FB892A77905100FBC387 /* Sounds.swift in Sources */,
				FDDEFFED2A6E97A300C62F2D /* Setting.swift in Sources */,
				FDDEFFD82A6E963E00C62F2D /* NoconTrainingTimerApp.swift in Sources */,
			);
			runOnlyForDeploymentPostprocessing = 0;
		};
/* End PBXSourcesBuildPhase section */

/* Begin XCBuildConfiguration section */
		FDDEFFE02A6E964000C62F2D /* Debug */ = {
			isa = XCBuildConfiguration;
			buildSettings = {
				ALWAYS_SEARCH_USER_PATHS = NO;
				CLANG_ANALYZER_NONNULL = YES;
				CLANG_ANALYZER_NUMBER_OBJECT_CONVERSION = YES_AGGRESSIVE;
				CLANG_CXX_LANGUAGE_STANDARD = "gnu++20";
				CLANG_ENABLE_MODULES = YES;
				CLANG_ENABLE_OBJC_ARC = YES;
				CLANG_ENABLE_OBJC_WEAK = YES;
				CLANG_WARN_BLOCK_CAPTURE_AUTORELEASING = YES;
				CLANG_WARN_BOOL_CONVERSION = YES;
				CLANG_WARN_COMMA = YES;
				CLANG_WARN_CONSTANT_CONVERSION = YES;
				CLANG_WARN_DEPRECATED_OBJC_IMPLEMENTATIONS = YES;
				CLANG_WARN_DIRECT_OBJC_ISA_USAGE = YES_ERROR;
				CLANG_WARN_DOCUMENTATION_COMMENTS = YES;
				CLANG_WARN_EMPTY_BODY = YES;
				CLANG_WARN_ENUM_CONVERSION = YES;
				CLANG_WARN_INFINITE_RECURSION = YES;
				CLANG_WARN_INT_CONVERSION = YES;
				CLANG_WARN_NON_LITERAL_NULL_CONVERSION = YES;
				CLANG_WARN_OBJC_IMPLICIT_RETAIN_SELF = YES;
				CLANG_WARN_OBJC_LITERAL_CONVERSION = YES;
				CLANG_WARN_OBJC_ROOT_CLASS = YES_ERROR;
				CLANG_WARN_QUOTED_INCLUDE_IN_FRAMEWORK_HEADER = YES;
				CLANG_WARN_RANGE_LOOP_ANALYSIS = YES;
				CLANG_WARN_STRICT_PROTOTYPES = YES;
				CLANG_WARN_SUSPICIOUS_MOVE = YES;
				CLANG_WARN_UNGUARDED_AVAILABILITY = YES_AGGRESSIVE;
				CLANG_WARN_UNREACHABLE_CODE = YES;
				CLANG_WARN__DUPLICATE_METHOD_MATCH = YES;
				COPY_PHASE_STRIP = NO;
				DEBUG_INFORMATION_FORMAT = dwarf;
				ENABLE_STRICT_OBJC_MSGSEND = YES;
				ENABLE_TESTABILITY = YES;
				GCC_C_LANGUAGE_STANDARD = gnu11;
				GCC_DYNAMIC_NO_PIC = NO;
				GCC_NO_COMMON_BLOCKS = YES;
				GCC_OPTIMIZATION_LEVEL = 0;
				GCC_PREPROCESSOR_DEFINITIONS = (
					"DEBUG=1",
					"$(inherited)",
				);
				GCC_WARN_64_TO_32_BIT_CONVERSION = YES;
				GCC_WARN_ABOUT_RETURN_TYPE = YES_ERROR;
				GCC_WARN_UNDECLARED_SELECTOR = YES;
				GCC_WARN_UNINITIALIZED_AUTOS = YES_AGGRESSIVE;
				GCC_WARN_UNUSED_FUNCTION = YES;
				GCC_WARN_UNUSED_VARIABLE = YES;
				IPHONEOS_DEPLOYMENT_TARGET = 16.4;
				MTL_ENABLE_DEBUG_INFO = INCLUDE_SOURCE;
				MTL_FAST_MATH = YES;
				ONLY_ACTIVE_ARCH = YES;
				SDKROOT = iphoneos;
				SWIFT_ACTIVE_COMPILATION_CONDITIONS = DEBUG;
				SWIFT_OPTIMIZATION_LEVEL = "-Onone";
			};
			name = Debug;
		};
		FDDEFFE12A6E964000C62F2D /* Release */ = {
			isa = XCBuildConfiguration;
			buildSettings = {
				ALWAYS_SEARCH_USER_PATHS = NO;
				CLANG_ANALYZER_NONNULL = YES;
				CLANG_ANALYZER_NUMBER_OBJECT_CONVERSION = YES_AGGRESSIVE;
				CLANG_CXX_LANGUAGE_STANDARD = "gnu++20";
				CLANG_ENABLE_MODULES = YES;
				CLANG_ENABLE_OBJC_ARC = YES;
				CLANG_ENABLE_OBJC_WEAK = YES;
				CLANG_WARN_BLOCK_CAPTURE_AUTORELEASING = YES;
				CLANG_WARN_BOOL_CONVERSION = YES;
				CLANG_WARN_COMMA = YES;
				CLANG_WARN_CONSTANT_CONVERSION = YES;
				CLANG_WARN_DEPRECATED_OBJC_IMPLEMENTATIONS = YES;
				CLANG_WARN_DIRECT_OBJC_ISA_USAGE = YES_ERROR;
				CLANG_WARN_DOCUMENTATION_COMMENTS = YES;
				CLANG_WARN_EMPTY_BODY = YES;
				CLANG_WARN_ENUM_CONVERSION = YES;
				CLANG_WARN_INFINITE_RECURSION = YES;
				CLANG_WARN_INT_CONVERSION = YES;
				CLANG_WARN_NON_LITERAL_NULL_CONVERSION = YES;
				CLANG_WARN_OBJC_IMPLICIT_RETAIN_SELF = YES;
				CLANG_WARN_OBJC_LITERAL_CONVERSION = YES;
				CLANG_WARN_OBJC_ROOT_CLASS = YES_ERROR;
				CLANG_WARN_QUOTED_INCLUDE_IN_FRAMEWORK_HEADER = YES;
				CLANG_WARN_RANGE_LOOP_ANALYSIS = YES;
				CLANG_WARN_STRICT_PROTOTYPES = YES;
				CLANG_WARN_SUSPICIOUS_MOVE = YES;
				CLANG_WARN_UNGUARDED_AVAILABILITY = YES_AGGRESSIVE;
				CLANG_WARN_UNREACHABLE_CODE = YES;
				CLANG_WARN__DUPLICATE_METHOD_MATCH = YES;
				COPY_PHASE_STRIP = NO;
				DEBUG_INFORMATION_FORMAT = "dwarf-with-dsym";
				ENABLE_NS_ASSERTIONS = NO;
				ENABLE_STRICT_OBJC_MSGSEND = YES;
				GCC_C_LANGUAGE_STANDARD = gnu11;
				GCC_NO_COMMON_BLOCKS = YES;
				GCC_WARN_64_TO_32_BIT_CONVERSION = YES;
				GCC_WARN_ABOUT_RETURN_TYPE = YES_ERROR;
				GCC_WARN_UNDECLARED_SELECTOR = YES;
				GCC_WARN_UNINITIALIZED_AUTOS = YES_AGGRESSIVE;
				GCC_WARN_UNUSED_FUNCTION = YES;
				GCC_WARN_UNUSED_VARIABLE = YES;
				IPHONEOS_DEPLOYMENT_TARGET = 16.4;
				MTL_ENABLE_DEBUG_INFO = NO;
				MTL_FAST_MATH = YES;
				SDKROOT = iphoneos;
				SWIFT_COMPILATION_MODE = wholemodule;
				SWIFT_OPTIMIZATION_LEVEL = "-O";
				VALIDATE_PRODUCT = YES;
			};
			name = Release;
		};
		FDDEFFE32A6E964000C62F2D /* Debug */ = {
			isa = XCBuildConfiguration;
			buildSettings = {
				ASSETCATALOG_COMPILER_APPICON_NAME = AppIcon;
				ASSETCATALOG_COMPILER_GLOBAL_ACCENT_COLOR_NAME = AccentColor;
				CODE_SIGN_STYLE = Automatic;
				CURRENT_PROJECT_VERSION = 1;
				DEVELOPMENT_ASSET_PATHS = "\"NoconTrainingTimer/Preview Content\"";
				DEVELOPMENT_TEAM = T9U9A227FB;
				ENABLE_PREVIEWS = YES;
				GENERATE_INFOPLIST_FILE = YES;
				INFOPLIST_FILE = NoconTrainingTimer/Info.plist;
				INFOPLIST_KEY_CFBundleDisplayName = "筋トレタイマー";
				INFOPLIST_KEY_UIApplicationSceneManifest_Generation = YES;
				INFOPLIST_KEY_UIApplicationSupportsIndirectInputEvents = YES;
				INFOPLIST_KEY_UILaunchScreen_Generation = YES;
				INFOPLIST_KEY_UISupportedInterfaceOrientations = UIInterfaceOrientationPortrait;
				INFOPLIST_KEY_UISupportedInterfaceOrientations_iPad = "UIInterfaceOrientationLandscapeLeft UIInterfaceOrientationLandscapeRight UIInterfaceOrientationPortrait UIInterfaceOrientationPortraitUpsideDown";
				IPHONEOS_DEPLOYMENT_TARGET = 16.0;
				LD_RUNPATH_SEARCH_PATHS = (
					"$(inherited)",
					"@executable_path/Frameworks",
				);
				MARKETING_VERSION = 1.0;
				PRODUCT_BUNDLE_IDENTIFIER = com.hiroki.NoconTrainingTimer;
				PRODUCT_NAME = "$(TARGET_NAME)";
				SWIFT_EMIT_LOC_STRINGS = YES;
				SWIFT_VERSION = 5.0;
				TARGETED_DEVICE_FAMILY = "1,2";
			};
			name = Debug;
		};
		FDDEFFE42A6E964000C62F2D /* Release */ = {
			isa = XCBuildConfiguration;
			buildSettings = {
				ASSETCATALOG_COMPILER_APPICON_NAME = AppIcon;
				ASSETCATALOG_COMPILER_GLOBAL_ACCENT_COLOR_NAME = AccentColor;
				CODE_SIGN_STYLE = Automatic;
				CURRENT_PROJECT_VERSION = 1;
				DEVELOPMENT_ASSET_PATHS = "\"NoconTrainingTimer/Preview Content\"";
				DEVELOPMENT_TEAM = T9U9A227FB;
				ENABLE_PREVIEWS = YES;
				GENERATE_INFOPLIST_FILE = YES;
				INFOPLIST_FILE = NoconTrainingTimer/Info.plist;
				INFOPLIST_KEY_CFBundleDisplayName = "筋トレタイマー";
				INFOPLIST_KEY_UIApplicationSceneManifest_Generation = YES;
				INFOPLIST_KEY_UIApplicationSupportsIndirectInputEvents = YES;
				INFOPLIST_KEY_UILaunchScreen_Generation = YES;
				INFOPLIST_KEY_UISupportedInterfaceOrientations = UIInterfaceOrientationPortrait;
				INFOPLIST_KEY_UISupportedInterfaceOrientations_iPad = "UIInterfaceOrientationLandscapeLeft UIInterfaceOrientationLandscapeRight UIInterfaceOrientationPortrait UIInterfaceOrientationPortraitUpsideDown";
				IPHONEOS_DEPLOYMENT_TARGET = 16.0;
				LD_RUNPATH_SEARCH_PATHS = (
					"$(inherited)",
					"@executable_path/Frameworks",
				);
				MARKETING_VERSION = 1.0;
				PRODUCT_BUNDLE_IDENTIFIER = com.hiroki.NoconTrainingTimer;
				PRODUCT_NAME = "$(TARGET_NAME)";
				SWIFT_EMIT_LOC_STRINGS = YES;
				SWIFT_VERSION = 5.0;
				TARGETED_DEVICE_FAMILY = "1,2";
			};
			name = Release;
		};
/* End XCBuildConfiguration section */

/* Begin XCConfigurationList section */
		FDDEFFCF2A6E963E00C62F2D /* Build configuration list for PBXProject "NoconTrainingTimer" */ = {
			isa = XCConfigurationList;
			buildConfigurations = (
				FDDEFFE02A6E964000C62F2D /* Debug */,
				FDDEFFE12A6E964000C62F2D /* Release */,
			);
			defaultConfigurationIsVisible = 0;
			defaultConfigurationName = Release;
		};
		FDDEFFE22A6E964000C62F2D /* Build configuration list for PBXNativeTarget "NoconTrainingTimer" */ = {
			isa = XCConfigurationList;
			buildConfigurations = (
				FDDEFFE32A6E964000C62F2D /* Debug */,
				FDDEFFE42A6E964000C62F2D /* Release */,
			);
			defaultConfigurationIsVisible = 0;
			defaultConfigurationName = Release;
		};
/* End XCConfigurationList section */

/* Begin XCVersionGroup section */
		FDDEFFF42A6EA41D00C62F2D /* Model.xcdatamodeld */ = {
			isa = XCVersionGroup;
			children = (
				FDDEFFF52A6EA41D00C62F2D /* Model.xcdatamodel */,
			);
			currentVersion = FDDEFFF52A6EA41D00C62F2D /* Model.xcdatamodel */;
			path = Model.xcdatamodeld;
			sourceTree = "<group>";
			versionGroupType = wrapper.xcdatamodel;
		};
/* End XCVersionGroup section */
	};
	rootObject = FDDEFFCC2A6E963E00C62F2D /* Project object */;
}
